
Microsoft Visual Studio Solution File, Format Version 12.00
# Visual Studio Version 17
VisualStudioVersion = 17.6.33815.320
MinimumVisualStudioVersion = 10.0.40219.1
Project("{FAE04EC0-301F-11D3-BF4B-00C04F79EFBC}") = "Phase3_PracticeProject_2", "Phase3_PracticeProject_2\Phase3_PracticeProject_2.csproj", "{974B2B64-7B1B-4ACE-843C-D8270D974BF7}"
EndProject
Global
	GlobalSection(SolutionConfigurationPlatforms) = preSolution
		Debug|Any CPU = Debug|Any CPU
		Release|Any CPU = Release|Any CPU
	EndGlobalSection
	GlobalSection(ProjectConfigurationPlatforms) = postSolution
		{974B2B64-7B1B-4ACE-843C-D8270D974BF7}.Debug|Any CPU.ActiveCfg = Debug|Any CPU
		{974B2B64-7B1B-4ACE-843C-D8270D974BF7}.Debug|Any CPU.Build.0 = Debug|Any CPU
		{974B2B64-7B1B-4ACE-843C-D8270D974BF7}.Release|Any CPU.ActiveCfg = Release|Any CPU
		{974B2B64-7B1B-4ACE-843C-D8270D974BF7}.Release|Any CPU.Build.0 = Release|Any CPU
	EndGlobalSection
	GlobalSection(SolutionProperties) = preSolution
		HideSolutionNode = FALSE
	EndGlobalSection
	GlobalSection(ExtensibilityGlobals) = postSolution
		SolutionGuid = {60B8A771-2FBB-4CBE-83DE-722910796902}
	EndGlobalSection
EndGlobal
